
Microsoft Visual Studio Solution File, Format Version 12.00
# Visual Studio Version 17
VisualStudioVersion = 17.6.33815.320
MinimumVisualStudioVersion = 10.0.40219.1
Project("{00D1A9C2-B5F0-4AF3-8072-F6C62B433612}") = "HotelAppDb", "HotelAppDb\HotelAppDb.sqlproj", "{AABD0D9F-39EE-4648-B8FE-FDCBC159B63F}"
EndProject
Project("{9A19103F-16F7-4668-BE54-9A1E7A4F7556}") = "HotelAppLibrary", "HotelAppLibrary\HotelAppLibrary.csproj", "{3CDA485E-8F49-4F51-981B-11DE27B3D5EA}"
EndProject
Project("{9A19103F-16F7-4668-BE54-9A1E7A4F7556}") = "HotelApp.Web", "HotelApp.Web\HotelApp.Web.csproj", "{88532F72-BD57-42C6-AAAD-7637C6994AFF}"
EndProject
Project("{FAE04EC0-301F-11D3-BF4B-00C04F79EFBC}") = "HotelApp.Desktop", "HotelApp.Desktop\HotelApp.Desktop.csproj", "{E7A130A6-574C-47D3-AAE7-7EDC3F63B3F5}"
EndProject
Global
	GlobalSection(SolutionConfigurationPlatforms) = preSolution
		Debug|Any CPU = Debug|Any CPU
		Release|Any CPU = Release|Any CPU
	EndGlobalSection
	GlobalSection(ProjectConfigurationPlatforms) = postSolution
		{AABD0D9F-39EE-4648-B8FE-FDCBC159B63F}.Debug|Any CPU.ActiveCfg = Debug|Any CPU
		{AABD0D9F-39EE-4648-B8FE-FDCBC159B63F}.Debug|Any CPU.Build.0 = Debug|Any CPU
		{AABD0D9F-39EE-4648-B8FE-FDCBC159B63F}.Debug|Any CPU.Deploy.0 = Debug|Any CPU
		{AABD0D9F-39EE-4648-B8FE-FDCBC159B63F}.Release|Any CPU.ActiveCfg = Release|Any CPU
		{AABD0D9F-39EE-4648-B8FE-FDCBC159B63F}.Release|Any CPU.Build.0 = Release|Any CPU
		{AABD0D9F-39EE-4648-B8FE-FDCBC159B63F}.Release|Any CPU.Deploy.0 = Release|Any CPU
		{3CDA485E-8F49-4F51-981B-11DE27B3D5EA}.Debug|Any CPU.ActiveCfg = Debug|Any CPU
		{3CDA485E-8F49-4F51-981B-11DE27B3D5EA}.Debug|Any CPU.Build.0 = Debug|Any CPU
		{3CDA485E-8F49-4F51-981B-11DE27B3D5EA}.Release|Any CPU.ActiveCfg = Release|Any CPU
		{3CDA485E-8F49-4F51-981B-11DE27B3D5EA}.Release|Any CPU.Build.0 = Release|Any CPU
		{88532F72-BD57-42C6-AAAD-7637C6994AFF}.Debug|Any CPU.ActiveCfg = Debug|Any CPU
		{88532F72-BD57-42C6-AAAD-7637C6994AFF}.Debug|Any CPU.Build.0 = Debug|Any CPU
		{88532F72-BD57-42C6-AAAD-7637C6994AFF}.Release|Any CPU.ActiveCfg = Release|Any CPU
		{88532F72-BD57-42C6-AAAD-7637C6994AFF}.Release|Any CPU.Build.0 = Release|Any CPU
		{E7A130A6-574C-47D3-AAE7-7EDC3F63B3F5}.Debug|Any CPU.ActiveCfg = Debug|Any CPU
		{E7A130A6-574C-47D3-AAE7-7EDC3F63B3F5}.Debug|Any CPU.Build.0 = Debug|Any CPU
		{E7A130A6-574C-47D3-AAE7-7EDC3F63B3F5}.Release|Any CPU.ActiveCfg = Release|Any CPU
		{E7A130A6-574C-47D3-AAE7-7EDC3F63B3F5}.Release|Any CPU.Build.0 = Release|Any CPU
	EndGlobalSection
	GlobalSection(SolutionProperties) = preSolution
		HideSolutionNode = FALSE
	EndGlobalSection
	GlobalSection(ExtensibilityGlobals) = postSolution
		SolutionGuid = {31A939DD-EB6D-481C-9120-CF64C493CA36}
	EndGlobalSection
EndGlobal
